
Microsoft Visual Studio Solution File, Format Version 12.00
# Visual Studio 2013
VisualStudioVersion = 12.0.21005.1
MinimumVisualStudioVersion = 10.0.40219.1
Project("{FAE04EC0-301F-11D3-BF4B-00C04F79EFBC}") = "CoreBlog", "CoreBlog\CoreBlog.csproj", "{4EBE39D2-5D5F-4169-B6CE-3765DC37A568}"
EndProject
Project("{FAE04EC0-301F-11D3-BF4B-00C04F79EFBC}") = "CoreBlog.Tests", "CoreBlog.Tests\CoreBlog.Tests.csproj", "{8D991BA0-473D-4A5B-9E48-827303C8B901}"
EndProject
Project("{FAE04EC0-301F-11D3-BF4B-00C04F79EFBC}") = "Dapper", "Dapper\Dapper.csproj", "{EF745892-9A2E-4C8F-99C3-3FC4DA07D568}"
EndProject
Global
	GlobalSection(SolutionConfigurationPlatforms) = preSolution
		Debug|Any CPU = Debug|Any CPU
		Release|Any CPU = Release|Any CPU
	EndGlobalSection
	GlobalSection(ProjectConfigurationPlatforms) = postSolution
		{4EBE39D2-5D5F-4169-B6CE-3765DC37A568}.Debug|Any CPU.ActiveCfg = Debug|Any CPU
		{4EBE39D2-5D5F-4169-B6CE-3765DC37A568}.Debug|Any CPU.Build.0 = Debug|Any CPU
		{4EBE39D2-5D5F-4169-B6CE-3765DC37A568}.Release|Any CPU.ActiveCfg = Release|Any CPU
		{4EBE39D2-5D5F-4169-B6CE-3765DC37A568}.Release|Any CPU.Build.0 = Release|Any CPU
		{8D991BA0-473D-4A5B-9E48-827303C8B901}.Debug|Any CPU.ActiveCfg = Debug|Any CPU
		{8D991BA0-473D-4A5B-9E48-827303C8B901}.Debug|Any CPU.Build.0 = Debug|Any CPU
		{8D991BA0-473D-4A5B-9E48-827303C8B901}.Release|Any CPU.ActiveCfg = Release|Any CPU
		{8D991BA0-473D-4A5B-9E48-827303C8B901}.Release|Any CPU.Build.0 = Release|Any CPU
		{EF745892-9A2E-4C8F-99C3-3FC4DA07D568}.Debug|Any CPU.ActiveCfg = Debug|Any CPU
		{EF745892-9A2E-4C8F-99C3-3FC4DA07D568}.Debug|Any CPU.Build.0 = Debug|Any CPU
		{EF745892-9A2E-4C8F-99C3-3FC4DA07D568}.Release|Any CPU.ActiveCfg = Release|Any CPU
		{EF745892-9A2E-4C8F-99C3-3FC4DA07D568}.Release|Any CPU.Build.0 = Release|Any CPU
	EndGlobalSection
	GlobalSection(SolutionProperties) = preSolution
		HideSolutionNode = FALSE
	EndGlobalSection
EndGlobal
